
Microsoft Visual Studio Solution File, Format Version 12.00
# Visual Studio Version 16
VisualStudioVersion = 16.0.29911.84
MinimumVisualStudioVersion = 10.0.40219.1
Project("{FAE04EC0-301F-11D3-BF4B-00C04F79EFBC}") = "Project Euler", "Project Euler\Project Euler.csproj", "{0B5BCCE8-1C48-4183-A3D7-3A349F35A7E0}"
EndProject
Global
	GlobalSection(SolutionConfigurationPlatforms) = preSolution
		Debug|Any CPU = Debug|Any CPU
		Release|Any CPU = Release|Any CPU
	EndGlobalSection
	GlobalSection(ProjectConfigurationPlatforms) = postSolution
		{0B5BCCE8-1C48-4183-A3D7-3A349F35A7E0}.Debug|Any CPU.ActiveCfg = Debug|Any CPU
		{0B5BCCE8-1C48-4183-A3D7-3A349F35A7E0}.Debug|Any CPU.Build.0 = Debug|Any CPU
		{0B5BCCE8-1C48-4183-A3D7-3A349F35A7E0}.Release|Any CPU.ActiveCfg = Release|Any CPU
		{0B5BCCE8-1C48-4183-A3D7-3A349F35A7E0}.Release|Any CPU.Build.0 = Release|Any CPU
	EndGlobalSection
	GlobalSection(SolutionProperties) = preSolution
		HideSolutionNode = FALSE
	EndGlobalSection
	GlobalSection(ExtensibilityGlobals) = postSolution
		SolutionGuid = {045B1C53-A1D9-457F-86A6-E42DC73600FB}
	EndGlobalSection
EndGlobal
